github.com/angelofallars/htmx-go v0.5.0 h1:L7M48cCH7nX8cV5wRYn04pN6AE4qNdh86iTbuKxhnIo=
github.com/angelofallars/htmx-go v0.5.0/go.mod h1:izXk6A+Jllc3vXs1dUvxUJs/jE0weiEC07ZPlCVi4cc=
gitlab.com/go-htmx/go-htmx v1.1.1 h1:qPV4A4eMLvAl70x5KETc6x3rpgmyCreent7jDHzs2qg=
gitlab.com/go-htmx/go-htmx v1.1.1/go.mod h1:txXFTnHnnjojea7SIJPu5wEPzxbCQmdilVKFzclpwSc=
